Microsoft Visual Studio Solution File, Format Version 11.00
# Visual Studio 2008

Project("{F63E3B5A-F7C4-42E1-6696-C1D7DC9A5A67}") = "Luobo", "Assembly-CSharp-vs.csproj", "{3AD2232F-FFFE-74E7-2647-A2C295865954}"
EndProject
Project("{F63E3B5A-F7C4-42E1-6696-C1D7DC9A5A67}") = "Luobo", "Assembly-CSharp-Editor-vs.csproj", "{6783A2B4-EEBF-5675-9168-C77F0BE737C2}"
EndProject
Global
	GlobalSection(SolutionConfigurationPlatforms) = preSolution
		Debug|Any CPU = Debug|Any CPU
		Release|Any CPU = Release|Any CPU
	EndGlobalSection
	GlobalSection(ProjectConfigurationPlatforms) = postSolution
		{3AD2232F-FFFE-74E7-2647-A2C295865954}.Debug|Any CPU.ActiveCfg = Debug|Any CPU
		{3AD2232F-FFFE-74E7-2647-A2C295865954}.Debug|Any CPU.Build.0 = Debug|Any CPU
		{3AD2232F-FFFE-74E7-2647-A2C295865954}.Release|Any CPU.ActiveCfg = Release|Any CPU
		{3AD2232F-FFFE-74E7-2647-A2C295865954}.Release|Any CPU.Build.0 = Release|Any CPU
		{6783A2B4-EEBF-5675-9168-C77F0BE737C2}.Debug|Any CPU.ActiveCfg = Debug|Any CPU
		{6783A2B4-EEBF-5675-9168-C77F0BE737C2}.Debug|Any CPU.Build.0 = Debug|Any CPU
		{6783A2B4-EEBF-5675-9168-C77F0BE737C2}.Release|Any CPU.ActiveCfg = Release|Any CPU
		{6783A2B4-EEBF-5675-9168-C77F0BE737C2}.Release|Any CPU.Build.0 = Release|Any CPU
	EndGlobalSection
	GlobalSection(SolutionProperties) = preSolution
		HideSolutionNode = FALSE
	EndGlobalSection
																																																																																																																																																																																																																																																																																																																										GlobalSection(MonoDevelopProperties) = preSolution
		StartupItem = Assembly-CSharp.csproj
		Policies = $0
		$0.TextStylePolicy = $1
		$1.inheritsSet = null
		$1.scope = text/x-csharp
		$0.CSharpFormattingPolicy = $2
		$2.inheritsSet = Mono
		$2.inheritsScope = text/x-csharp
		$2.scope = text/x-csharp
		$0.TextStylePolicy = $3
		$3.FileWidth = 120
		$3.TabWidth = 4
		$3.EolMarker = Unix
		$3.inheritsSet = Mono
		$3.inheritsScope = text/plain
		$3.scope = text/plain
	EndGlobalSection

EndGlobal
