
Microsoft Visual Studio Solution File, Format Version 12.00
# Visual Studio 2013
Project("{FAE04EC0-301F-11D3-BF4B-00C04F79EFBC}") = "UnityVS.Luobo.CSharp", "UnityVS.Luobo.CSharp.csproj", "{BD780202-C593-B84E-003E-FB08470955CD}"
EndProject
Project("{FAE04EC0-301F-11D3-BF4B-00C04F79EFBC}") = "UnityVS.Luobo.CSharp.Editor", "UnityVS.Luobo.CSharp.Editor.csproj", "{B90E045D-C4EB-77A4-80EE-DA581F3F8E4F}"
EndProject
Project("{1FAC5C55-277D-4884-94A4-83DBDAF57E56}") = "UnityVS.Luobo.UnityScript", "UnityVS.Luobo.UnityScript.unityproj", "{543A1676-1628-0112-9761-966D0B1B4099}"
EndProject
Global
	GlobalSection(SolutionConfigurationPlatforms) = preSolution
		Debug|Any CPU = Debug|Any CPU
		Release|Any CPU = Release|Any CPU
	EndGlobalSection
	GlobalSection(ProjectConfigurationPlatforms) = postSolution
		{BD780202-C593-B84E-003E-FB08470955CD}.Debug|Any CPU.ActiveCfg = Debug|Any CPU
		{BD780202-C593-B84E-003E-FB08470955CD}.Debug|Any CPU.Build.0 = Debug|Any CPU
		{BD780202-C593-B84E-003E-FB08470955CD}.Release|Any CPU.ActiveCfg = Release|Any CPU
		{BD780202-C593-B84E-003E-FB08470955CD}.Release|Any CPU.Build.0 = Release|Any CPU
		{B90E045D-C4EB-77A4-80EE-DA581F3F8E4F}.Debug|Any CPU.ActiveCfg = Debug|Any CPU
		{B90E045D-C4EB-77A4-80EE-DA581F3F8E4F}.Debug|Any CPU.Build.0 = Debug|Any CPU
		{B90E045D-C4EB-77A4-80EE-DA581F3F8E4F}.Release|Any CPU.ActiveCfg = Release|Any CPU
		{B90E045D-C4EB-77A4-80EE-DA581F3F8E4F}.Release|Any CPU.Build.0 = Release|Any CPU
		{543A1676-1628-0112-9761-966D0B1B4099}.Debug|Any CPU.ActiveCfg = Debug|Any CPU
		{543A1676-1628-0112-9761-966D0B1B4099}.Debug|Any CPU.Build.0 = Debug|Any CPU
		{543A1676-1628-0112-9761-966D0B1B4099}.Release|Any CPU.ActiveCfg = Release|Any CPU
		{543A1676-1628-0112-9761-966D0B1B4099}.Release|Any CPU.Build.0 = Release|Any CPU
	EndGlobalSection
	GlobalSection(SolutionProperties) = preSolution
		HideSolutionNode = FALSE
	EndGlobalSection
EndGlobal
